
Microsoft Visual Studio Solution File, Format Version 12.00
# Visual Studio Version 17
VisualStudioVersion = 17.8.34330.188
MinimumVisualStudioVersion = 10.0.40219.1
Project("{FAE04EC0-301F-11D3-BF4B-00C04F79EFBC}") = "11-10-2024 31231024973 Nguyễn Vĩnh Hoàng", "10-11-2024 31231024973 Nguyễn Vĩnh Hoàng\11-10-2024 31231024973 Nguyễn Vĩnh Hoàng.csproj", "{D161FC15-ECE0-49FC-9A31-792818C6BBA8}"
EndProject
Global
	GlobalSection(SolutionConfigurationPlatforms) = preSolution
		Debug|Any CPU = Debug|Any CPU
		Release|Any CPU = Release|Any CPU
	EndGlobalSection
	GlobalSection(ProjectConfigurationPlatforms) = postSolution
		{D161FC15-ECE0-49FC-9A31-792818C6BBA8}.Debug|Any CPU.ActiveCfg = Debug|Any CPU
		{D161FC15-ECE0-49FC-9A31-792818C6BBA8}.Debug|Any CPU.Build.0 = Debug|Any CPU
		{D161FC15-ECE0-49FC-9A31-792818C6BBA8}.Release|Any CPU.ActiveCfg = Release|Any CPU
		{D161FC15-ECE0-49FC-9A31-792818C6BBA8}.Release|Any CPU.Build.0 = Release|Any CPU
	EndGlobalSection
	GlobalSection(SolutionProperties) = preSolution
		HideSolutionNode = FALSE
	EndGlobalSection
	GlobalSection(ExtensibilityGlobals) = postSolution
		SolutionGuid = {F6B0D7F1-5783-48C8-B6C9-EF49DF6FD743}
	EndGlobalSection
EndGlobal
